# This file is automatically @generated by Cargo.
# It is not intended for manual editing.
version = 4

[[package]]
name = "aead"
version = "0.5.2"
source = "registry+https://github.com/rust-lang/crates.io-index"
checksum = "d122413f284cf2d62fb1b7db97e02edb8cda96d769b16e443a4f6195e35662b0"
dependencies = [
 "crypto-common",
 "generic-array",
]

[[package]]
name = "aes"
version = "0.8.4"
source = "registry+https://github.com/rust-lang/crates.io-index"
checksum = "b169f7a6d4742236a0a00c541b845991d0ac43e546831af1249753ab4c3aa3a0"
dependencies = [
 "cfg-if",
 "cipher",
 "cpufeatures",
]

[[package]]
name = "aes-gcm"
version = "0.10.3"
source = "registry+https://github.com/rust-lang/crates.io-index"
checksum = "831010a0f742e1209b3bcea8fab6a8e149051ba6099432c8cb2cc117dec3ead1"
dependencies = [
 "aead",
 "aes",
 "cipher",
 "ctr",
 "ghash",
 "subtle",
]

[[package]]
name = "anstream"
version = "0.6.21"
source = "registry+https://github.com/rust-lang/crates.io-index"
checksum = "43d5b281e737544384e969a5ccad3f1cdd24b48086a0fc1b2a5262a26b8f4f4a"
dependencies = [
 "anstyle",
 "anstyle-parse",
 "anstyle-query",
 "anstyle-wincon",
 "colorchoice",
 "is_terminal_polyfill",
 "utf8parse",
]

[[package]]
name = "anstyle"
version = "1.0.14"
source = "registry+https://github.com/rust-lang/crates.io-index"
checksum = "940b3a0ca603d1eade50a4846a2afffd5ef57a9feac2c0e2ec2e14f9ead76000"

[[package]]
name = "anstyle-parse"
version = "0.2.7"
source = "registry+https://github.com/rust-lang/crates.io-index"
checksum = "4e7644824f0aa2c7b9384579234ef10eb7efb6a0deb83f9630a49594dd9c15c2"
dependencies = [
 "utf8parse",
]

[[package]]
name = "anstyle-query"
version = "1.1.5"
source = "registry+https://github.com/rust-lang/crates.io-index"
checksum = "40c48f72fd53cd289104fc64099abca73db4166ad86ea0b4341abe65af83dadc"
dependencies = [
 "windows-sys",
]

[[package]]
name = "anstyle-wincon"
version = "3.0.11"
source = "registry+https://github.com/rust-lang/crates.io-index"
checksum = "291e6a250ff86cd4a820112fb8898808a366d8f9f58ce16d1f538353ad55747d"
dependencies = [
 "anstyle",
 "once_cell_polyfill",
 "windows-sys",
]

[[package]]
name = "anyhow"
version = "1.0.102"
source = "registry+https://github.com/rust-lang/crates.io-index"
checksum = "7f202df86484c868dbad7eaa557ef785d5c66295e41b460ef922eca0723b842c"

[[package]]
name = "bitflags"
version = "2.9.0"
source = "registry+https://github.com/rust-lang/crates.io-index"
checksum = "5c8214115b7bf84099f1309324e63141d4c5d7cc26862f97a0a857dbefe165bd"

[[package]]
name = "cc"
version = "1.2.20"
source = "registry+https://github.com/rust-lang/crates.io-index"
checksum = "04da6a0d40b948dfc4fa8f5bbf402b0fc1a64a28dbf7d12ffd683550f2c1b63a"
dependencies = [
 "shlex",
]

[[package]]
name = "cfg-if"
version = "1.0.0"
source = "registry+https://github.com/rust-lang/crates.io-index"
checksum = "baf1de4339761588bc0619e3cbc0120ee582ebb74b53b4efbf79117bd2da40fd"

[[package]]
name = "cipher"
version = "0.4.4"
source = "registry+https://github.com/rust-lang/crates.io-index"
checksum = "773f3b9af64447d2ce9850330c473515014aa235e6a783b02db81ff39e4a3dad"
dependencies = [
 "crypto-common",
 "inout",
]

[[package]]
name = "clap"
version = "4.5.60"
source = "registry+https://github.com/rust-lang/crates.io-index"
checksum = "2797f34da339ce31042b27d23607e051786132987f595b02ba4f6a6dffb7030a"
dependencies = [
 "clap_builder",
 "clap_derive",
]

[[package]]
name = "clap_builder"
version = "4.5.60"
source = "registry+https://github.com/rust-lang/crates.io-index"
checksum = "24a241312cea5059b13574bb9b3861cabf758b879c15190b37b6d6fd63ab6876"
dependencies = [
 "anstream",
 "anstyle",
 "clap_lex",
 "strsim",
]

[[package]]
name = "clap_derive"
version = "4.5.55"
source = "registry+https://github.com/rust-lang/crates.io-index"
checksum = "a92793da1a46a5f2a02a6f4c46c6496b28c43638adea8306fcb0caa1634f24e5"
dependencies = [
 "heck",
 "proc-macro2",
 "quote",
 "syn",
]

[[package]]
name = "clap_lex"
version = "1.1.0"
source = "registry+https://github.com/rust-lang/crates.io-index"
checksum = "c8d4a3bb8b1e0c1050499d1815f5ab16d04f0959b233085fb31653fbfc9d98f9"

[[package]]
name = "colorchoice"
version = "1.0.5"
source = "registry+https://github.com/rust-lang/crates.io-index"
checksum = "1d07550c9036bf2ae0c684c4297d503f838287c83c53686d05370d0e139ae570"

[[package]]
name = "cpufeatures"
version = "0.2.17"
source = "registry+https://github.com/rust-lang/crates.io-index"
checksum = "59ed5838eebb26a2bb2e58f6d5b5316989ae9d08bab10e0e6d103e656d1b0280"
dependencies = [
 "libc",
]

[[package]]
name = "crypto-common"
version = "0.1.7"
source = "registry+https://github.com/rust-lang/crates.io-index"
checksum = "78c8292055d1c1df0cce5d180393dc8cce0abec0a7102adb6c7b1eef6016d60a"
dependencies = [
 "generic-array",
 "rand_core",
 "typenum",
]

[[package]]
name = "crypto_worker"
version = "0.1.0"
dependencies = [
 "aead",
 "aes-gcm",
 "anyhow",
 "clap",
 "hex",
 "openssl",
 "rand",
]

[[package]]
name = "ctr"
version = "0.9.2"
source = "registry+https://github.com/rust-lang/crates.io-index"
checksum = "0369ee1ad671834580515889b80f2ea915f23b8be8d0daa4bbaf2ac5c7590835"
dependencies = [
 "cipher",
]

[[package]]
name = "foreign-types"
version = "0.3.2"
source = "registry+https://github.com/rust-lang/crates.io-index"
checksum = "f6f339eb8adc052cd2ca78910fda869aefa38d22d5cb648e6485e4d3fc06f3b1"
dependencies = [
 "foreign-types-shared",
]

[[package]]
name = "foreign-types-shared"
version = "0.1.1"
source = "registry+https://github.com/rust-lang/crates.io-index"
checksum = "00b0228411908ca8685dba7fc2cdd70ec9990a6e753e89b6ac91a84c40fbaf4b"

[[package]]
name = "generic-array"
version = "0.14.7"
source = "registry+https://github.com/rust-lang/crates.io-index"
checksum = "85649ca51fd72272d7821adaf274ad91c288277713d9c18820d8499a7ff69e9a"
dependencies = [
 "typenum",
 "version_check",
]

[[package]]
name = "getrandom"
version = "0.2.16"
source = "registry+https://github.com/rust-lang/crates.io-index"
checksum = "335ff9f135e4384c8150d6f27c6daed433577f86b4750418338c01a1a2528592"
dependencies = [
 "cfg-if",
 "libc",
 "wasi",
]

[[package]]
name = "ghash"
version = "0.5.1"
source = "registry+https://github.com/rust-lang/crates.io-index"
checksum = "f0d8a4362ccb29cb0b265253fb0a2728f592895ee6854fd9bc13f2ffda266ff1"
dependencies = [
 "opaque-debug",
 "polyval",
]

[[package]]
name = "heck"
version = "0.5.0"
source = "registry+https://github.com/rust-lang/crates.io-index"
checksum = "2304e00983f87ffb38b55b444b5e3b60a884b5d30c0fca7d82fe33449bbe55ea"

[[package]]
name = "hex"
version = "0.4.3"
source = "registry+https://github.com/rust-lang/crates.io-index"
checksum = "7f24254aa9a54b5c858eaee2f5bccdb46aaf0e486a595ed5fd8f86ba55232a70"

[[package]]
name = "inout"
version = "0.1.4"
source = "registry+https://github.com/rust-lang/crates.io-index"
checksum = "879f10e63c20629ecabbb64a8010319738c66a5cd0c29b02d63d272b03751d01"
dependencies = [
 "generic-array",
]

[[package]]
name = "is_terminal_polyfill"
version = "1.70.2"
source = "registry+https://github.com/rust-lang/crates.io-index"
checksum = "a6cb138bb79a146c1bd460005623e142ef0181e3d0219cb493e02f7d08a35695"

[[package]]
name = "libc"
version = "0.2.172"
source = "registry+https://github.com/rust-lang/crates.io-index"
checksum = "d750af042f7ef4f724306de029d18836c26c1765a54a6a3f094cbd23a7267ffa"

[[package]]
name = "once_cell"
version = "1.21.3"
source = "registry+https://github.com/rust-lang/crates.io-index"
checksum = "42f5e15c9953c5e4ccceeb2e7382a716482c34515315f7b03532b8b4e8393d2d"

[[package]]
name = "once_cell_polyfill"
version = "1.70.2"
source = "registry+https://github.com/rust-lang/crates.io-index"
checksum = "384b8ab6d37215f3c5301a95a4accb5d64aa607f1fcb26a11b5303878451b4fe"

[[package]]
name = "opaque-debug"
version = "0.3.1"
source = "registry+https://github.com/rust-lang/crates.io-index"
checksum = "c08d65885ee38876c4f86fa503fb49d7b507c2b62552df7c70b2fce627e06381"

[[package]]
name = "openssl"
version = "0.10.72"
source = "registry+https://github.com/rust-lang/crates.io-index"
checksum = "fedfea7d58a1f73118430a55da6a286e7b044961736ce96a16a17068ea25e5da"
dependencies = [
 "bitflags",
 "cfg-if",
 "foreign-types",
 "libc",
 "once_cell",
 "openssl-macros",
 "openssl-sys",
]

[[package]]
name = "openssl-macros"
version = "0.1.1"
source = "registry+https://github.com/rust-lang/crates.io-index"
checksum = "a948666b637a0f465e8564c73e89d4dde00d72d4d473cc972f390fc3dcee7d9c"
dependencies = [
 "proc-macro2",
 "quote",
 "syn",
]

[[package]]
name = "openssl-sys"
version = "0.9.107"
source = "registry+https://github.com/rust-lang/crates.io-index"
checksum = "8288979acd84749c744a9014b4382d42b8f7b2592847b5afb2ed29e5d16ede07"
dependencies = [
 "cc",
 "libc",
 "pkg-config",
 "vcpkg",
]

[[package]]
name = "pkg-config"
version = "0.3.32"
source = "registry+https://github.com/rust-lang/crates.io-index"
checksum = "7edddbd0b52d732b21ad9a5fab5c704c14cd949e5e9a1ec5929a24fded1b904c"

[[package]]
name = "polyval"
version = "0.6.2"
source = "registry+https://github.com/rust-lang/crates.io-index"
checksum = "9d1fe60d06143b2430aa532c94cfe9e29783047f06c0d7fd359a9a51b729fa25"
dependencies = [
 "cfg-if",
 "cpufeatures",
 "opaque-debug",
 "universal-hash",
]

[[package]]
name = "ppv-lite86"
version = "0.2.21"
source = "registry+https://github.com/rust-lang/crates.io-index"
checksum = "85eae3c4ed2f50dcfe72643da4befc30deadb458a9b590d720cde2f2b1e97da9"
dependencies = [
 "zerocopy",
]

[[package]]
name = "proc-macro2"
version = "1.0.95"
source = "registry+https://github.com/rust-lang/crates.io-index"
checksum = "02b3e5e68a3a1a02aad3ec490a98007cbc13c37cbe84a3cd7b8e406d76e7f778"
dependencies = [
 "unicode-ident",
]

[[package]]
name = "quote"
version = "1.0.40"
source = "registry+https://github.com/rust-lang/crates.io-index"
checksum = "1885c039570dc00dcb4ff087a89e185fd56bae234ddc7f056a945bf36467248d"
dependencies = [
 "proc-macro2",
]

[[package]]
name = "rand"
version = "0.8.5"
source = "registry+https://github.com/rust-lang/crates.io-index"
checksum = "34af8d1a0e25924bc5b7c43c079c942339d8f0a8b57c39049bef581b46327404"
dependencies = [
 "libc",
 "rand_chacha",
 "rand_core",
]

[[package]]
name = "rand_chacha"
version = "0.3.1"
source = "registry+https://github.com/rust-lang/crates.io-index"
checksum = "e6c10a63a0fa32252be49d21e7709d4d4baf8d231c2dbce1eaa8141b9b127d88"
dependencies = [
 "ppv-lite86",
 "rand_core",
]

[[package]]
name = "rand_core"
version = "0.6.4"
source = "registry+https://github.com/rust-lang/crates.io-index"
checksum = "ec0be4795e2f6a28069bec0b5ff3e2ac9bafc99e6a9a7dc3547996c5c816922c"
dependencies = [
 "getrandom",
]

[[package]]
name = "shlex"
version = "1.3.0"
source = "registry+https://github.com/rust-lang/crates.io-index"
checksum = "0fda2ff0d084019ba4d7c6f371c95d8fd75ce3524c3cb8fb653a3023f6323e64"

[[package]]
name = "strsim"
version = "0.11.1"
source = "registry+https://github.com/rust-lang/crates.io-index"
checksum = "7da8b5736845d9f2fcb837ea5d9e2628564b3b043a70948a3f0b778838c5fb4f"

[[package]]
name = "subtle"
version = "2.6.1"
source = "registry+https://github.com/rust-lang/crates.io-index"
checksum = "13c2bddecc57b384dee18652358fb23172facb8a2c51ccc10d74c157bdea3292"

[[package]]
name = "syn"
version = "2.0.101"
source = "registry+https://github.com/rust-lang/crates.io-index"
checksum = "8ce2b7fc941b3a24138a0a7cf8e858bfc6a992e7978a068a5c760deb0ed43caf"
dependencies = [
 "proc-macro2",
 "quote",
 "unicode-ident",
]

[[package]]
name = "typenum"
version = "1.19.0"
source = "registry+https://github.com/rust-lang/crates.io-index"
checksum = "562d481066bde0658276a35467c4af00bdc6ee726305698a55b86e61d7ad82bb"

[[package]]
name = "unicode-ident"
version = "1.0.18"
source = "registry+https://github.com/rust-lang/crates.io-index"
checksum = "5a5f39404a5da50712a4c1eecf25e90dd62b613502b7e925fd4e4d19b5c96512"

[[package]]
name = "universal-hash"
version = "0.5.1"
source = "registry+https://github.com/rust-lang/crates.io-index"
checksum = "fc1de2c688dc15305988b563c3854064043356019f97a4b46276fe734c4f07ea"
dependencies = [
 "crypto-common",
 "subtle",
]

[[package]]
name = "utf8parse"
version = "0.2.2"
source = "registry+https://github.com/rust-lang/crates.io-index"
checksum = "06abde3611657adf66d383f00b093d7faecc7fa57071cce2578660c9f1010821"

[[package]]
name = "vcpkg"
version = "0.2.15"
source = "registry+https://github.com/rust-lang/crates.io-index"
checksum = "accd4ea62f7bb7a82fe23066fb0957d48ef677f6eeb8215f372f52e48bb32426"

[[package]]
name = "version_check"
version = "0.9.5"
source = "registry+https://github.com/rust-lang/crates.io-index"
checksum = "0b928f33d975fc6ad9f86c8f283853ad26bdd5b10b7f1542aa2fa15e2289105a"

[[package]]
name = "wasi"
version = "0.11.0+wasi-snapshot-preview1"
source = "registry+https://github.com/rust-lang/crates.io-index"
checksum = "9c8d87e72b64a3b4db28d11ce29237c246188f4f51057d65a7eab63b7987e423"

[[package]]
name = "windows-link"
version = "0.2.1"
source = "registry+https://github.com/rust-lang/crates.io-index"
checksum = "f0805222e57f7521d6a62e36fa9163bc891acd422f971defe97d64e70d0a4fe5"

[[package]]
name = "windows-sys"
version = "0.61.2"
source = "registry+https://github.com/rust-lang/crates.io-index"
checksum = "ae137229bcbd6cdf0f7b80a31df61766145077ddf49416a728b02cb3921ff3fc"
dependencies = [
 "windows-link",
]

[[package]]
name = "zerocopy"
version = "0.8.25"
source = "registry+https://github.com/rust-lang/crates.io-index"
checksum = "a1702d9583232ddb9174e01bb7c15a2ab8fb1bc6f227aa1233858c351a3ba0cb"
dependencies = [
 "zerocopy-derive",
]

[[package]]
name = "zerocopy-derive"
version = "0.8.25"
source = "registry+https://github.com/rust-lang/crates.io-index"
checksum = "28a6e20d751156648aa063f3800b706ee209a32c0b4d9f24be3d980b01be55ef"
dependencies = [
 "proc-macro2",
 "quote",
 "syn",
]
